
Microsoft Visual Studio Solution File, Format Version 12.00
# Visual Studio Version 17
VisualStudioVersion = 17.3.32929.385
MinimumVisualStudioVersion = 10.0.40219.1
Project("{FAE04EC0-301F-11D3-BF4B-00C04F79EFBC}") = "SingleInheritance", "SingleInheritance\SingleInheritance.csproj", "{D5B5CD77-BCFC-4676-A7DC-647F08465442}"
EndProject
Project("{FAE04EC0-301F-11D3-BF4B-00C04F79EFBC}") = "MultipleInheritance", "MultipleInheritance\MultipleInheritance.csproj", "{7F225476-DA67-4E81-948A-F25917307496}"
EndProject
Project("{FAE04EC0-301F-11D3-BF4B-00C04F79EFBC}") = "HierarchicalInheritance", "HierarchicalInheritance\HierarchicalInheritance.csproj", "{7EFD62DB-AC2A-4168-8355-6505EDA0FE1E}"
EndProject
Project("{FAE04EC0-301F-11D3-BF4B-00C04F79EFBC}") = "RandomList", "RandomList\RandomList.csproj", "{6A38F850-7884-4A65-BC93-3023C3ABDB8D}"
EndProject
Project("{FAE04EC0-301F-11D3-BF4B-00C04F79EFBC}") = "StackOfStrings", "StackOfStrings\StackOfStrings.csproj", "{99EAF5BD-24E1-4FB2-8F03-FCC40F14F95D}"
EndProject
Global
	GlobalSection(SolutionConfigurationPlatforms) = preSolution
		Debug|Any CPU = Debug|Any CPU
		Release|Any CPU = Release|Any CPU
	EndGlobalSection
	GlobalSection(ProjectConfigurationPlatforms) = postSolution
		{D5B5CD77-BCFC-4676-A7DC-647F08465442}.Debug|Any CPU.ActiveCfg = Debug|Any CPU
		{D5B5CD77-BCFC-4676-A7DC-647F08465442}.Debug|Any CPU.Build.0 = Debug|Any CPU
		{D5B5CD77-BCFC-4676-A7DC-647F08465442}.Release|Any CPU.ActiveCfg = Release|Any CPU
		{D5B5CD77-BCFC-4676-A7DC-647F08465442}.Release|Any CPU.Build.0 = Release|Any CPU
		{7F225476-DA67-4E81-948A-F25917307496}.Debug|Any CPU.ActiveCfg = Debug|Any CPU
		{7F225476-DA67-4E81-948A-F25917307496}.Debug|Any CPU.Build.0 = Debug|Any CPU
		{7F225476-DA67-4E81-948A-F25917307496}.Release|Any CPU.ActiveCfg = Release|Any CPU
		{7F225476-DA67-4E81-948A-F25917307496}.Release|Any CPU.Build.0 = Release|Any CPU
		{7EFD62DB-AC2A-4168-8355-6505EDA0FE1E}.Debug|Any CPU.ActiveCfg = Debug|Any CPU
		{7EFD62DB-AC2A-4168-8355-6505EDA0FE1E}.Debug|Any CPU.Build.0 = Debug|Any CPU
		{7EFD62DB-AC2A-4168-8355-6505EDA0FE1E}.Release|Any CPU.ActiveCfg = Release|Any CPU
		{7EFD62DB-AC2A-4168-8355-6505EDA0FE1E}.Release|Any CPU.Build.0 = Release|Any CPU
		{6A38F850-7884-4A65-BC93-3023C3ABDB8D}.Debug|Any CPU.ActiveCfg = Debug|Any CPU
		{6A38F850-7884-4A65-BC93-3023C3ABDB8D}.Debug|Any CPU.Build.0 = Debug|Any CPU
		{6A38F850-7884-4A65-BC93-3023C3ABDB8D}.Release|Any CPU.ActiveCfg = Release|Any CPU
		{6A38F850-7884-4A65-BC93-3023C3ABDB8D}.Release|Any CPU.Build.0 = Release|Any CPU
		{99EAF5BD-24E1-4FB2-8F03-FCC40F14F95D}.Debug|Any CPU.ActiveCfg = Debug|Any CPU
		{99EAF5BD-24E1-4FB2-8F03-FCC40F14F95D}.Debug|Any CPU.Build.0 = Debug|Any CPU
		{99EAF5BD-24E1-4FB2-8F03-FCC40F14F95D}.Release|Any CPU.ActiveCfg = Release|Any CPU
		{99EAF5BD-24E1-4FB2-8F03-FCC40F14F95D}.Release|Any CPU.Build.0 = Release|Any CPU
	EndGlobalSection
	GlobalSection(SolutionProperties) = preSolution
		HideSolutionNode = FALSE
	EndGlobalSection
	GlobalSection(ExtensibilityGlobals) = postSolution
		SolutionGuid = {DC0BBE61-B0E9-44F0-9E3A-14FAA412B730}
	EndGlobalSection
EndGlobal
